data.aws_availability_zones.available: Reading...
data.aws_caller_identity.current: Reading...
data.aws_caller_identity.current: Read complete after 1s [id=527394304421]
data.aws_availability_zones.available: Read complete after 2s [id=us-east-1]

Terraform used the selected providers to generate the following execution
plan. Resource actions are indicated with the following symbols:
  + create
 <= read (data resources)

Terraform will perform the following actions:

  # module.eks.data.tls_certificate.cluster will be read during apply
  # (config refers to values not yet known)
 <= data "tls_certificate" "cluster" {
      + certificates = (known after apply)
      + id           = (known after apply)
      + url          = (known after apply)
    }

  # module.eks.aws_eks_cluster.main will be created
  + resource "aws_eks_cluster" "main" {
      + arn                           = (known after apply)
      + bootstrap_self_managed_addons = true
      + certificate_authority         = (known after apply)
      + cluster_id                    = (known after apply)
      + created_at                    = (known after apply)
      + endpoint                      = (known after apply)
      + id                            = (known after apply)
      + identity                      = (known after apply)
      + name                          = "ecommerce-dev-eks"
      + platform_version              = (known after apply)
      + role_arn                      = (known after apply)
      + status                        = (known after apply)
      + tags                          = {
          + "Environment" = "dev"
          + "ManagedBy"   = "Terraform"
          + "Project"     = "ecommerce-microservices"
        }
      + tags_all                      = {
          + "CostCenter"  = "Engineering"
          + "Environment" = "dev"
          + "ManagedBy"   = "Terraform"
          + "Owner"       = "DevOps Team"
          + "Project"     = "ecommerce-microservices"
        }
      + version                       = "1.34"

      + access_config (known after apply)

      + kubernetes_network_config (known after apply)

      + upgrade_policy (known after apply)

      + vpc_config {
          + cluster_security_group_id = (known after apply)
          + endpoint_private_access   = true
          + endpoint_public_access    = true
          + public_access_cidrs       = (known after apply)
          + subnet_ids                = (known after apply)
          + vpc_id                    = (known after apply)
        }
    }

  # module.eks.aws_eks_node_group.main["general"] will be created
  + resource "aws_eks_node_group" "main" {
      + ami_type               = (known after apply)
      + arn                    = (known after apply)
      + capacity_type          = "ON_DEMAND"
      + cluster_name           = "ecommerce-dev-eks"
      + disk_size              = (known after apply)
      + id                     = (known after apply)
      + instance_types         = [
          + "t3.large",
        ]
      + labels                 = {
          + "role" = "general"
        }
      + node_group_name        = "general"
      + node_group_name_prefix = (known after apply)
      + node_role_arn          = (known after apply)
      + release_version        = (known after apply)
      + resources              = (known after apply)
      + status                 = (known after apply)
      + subnet_ids             = (known after apply)
      + tags                   = {
          + "Environment" = "dev"
          + "ManagedBy"   = "Terraform"
          + "Project"     = "ecommerce-microservices"
        }
      + tags_all               = {
          + "CostCenter"  = "Engineering"
          + "Environment" = "dev"
          + "ManagedBy"   = "Terraform"
          + "Owner"       = "DevOps Team"
          + "Project"     = "ecommerce-microservices"
        }
      + version                = (known after apply)

      + node_repair_config (known after apply)

      + scaling_config {
          + desired_size = 3
          + max_size     = 10
          + min_size     = 3
        }

      + update_config (known after apply)
    }

  # module.eks.aws_eks_node_group.main["spot"] will be created
  + resource "aws_eks_node_group" "main" {
      + ami_type               = (known after apply)
      + arn                    = (known after apply)
      + capacity_type          = "SPOT"
      + cluster_name           = "ecommerce-dev-eks"
      + disk_size              = (known after apply)
      + id                     = (known after apply)
      + instance_types         = [
          + "t3.large",
          + "t3a.large",
        ]
      + labels                 = {
          + "role" = "spot"
        }
      + node_group_name        = "spot"
      + node_group_name_prefix = (known after apply)
      + node_role_arn          = (known after apply)
      + release_version        = (known after apply)
      + resources              = (known after apply)
      + status                 = (known after apply)
      + subnet_ids             = (known after apply)
      + tags                   = {
          + "Environment" = "dev"
          + "ManagedBy"   = "Terraform"
          + "Project"     = "ecommerce-microservices"
        }
      + tags_all               = {
          + "CostCenter"  = "Engineering"
          + "Environment" = "dev"
          + "ManagedBy"   = "Terraform"
          + "Owner"       = "DevOps Team"
          + "Project"     = "ecommerce-microservices"
        }
      + version                = (known after apply)

      + node_repair_config (known after apply)

      + scaling_config {
          + desired_size = 2
          + max_size     = 10
          + min_size     = 0
        }

      + taint {
          + effect = "NO_SCHEDULE"
          + key    = "spot"
          + value  = "true"
        }

      + update_config (known after apply)
    }

  # module.eks.aws_iam_openid_connect_provider.cluster will be created
  + resource "aws_iam_openid_connect_provider" "cluster" {
      + arn             = (known after apply)
      + client_id_list  = [
          + "sts.amazonaws.com",
        ]
      + id              = (known after apply)
      + tags_all        = {
          + "CostCenter"  = "Engineering"
          + "Environment" = "dev"
          + "ManagedBy"   = "Terraform"
          + "Owner"       = "DevOps Team"
          + "Project"     = "ecommerce-microservices"
        }
      + thumbprint_list = (known after apply)
      + url             = (known after apply)
    }

  # module.eks.aws_iam_role.cluster will be created
  + resource "aws_iam_role" "cluster" {
      + arn                   = (known after apply)
      + assume_role_policy    = jsonencode(
            {
              + Statement = [
                  + {
                      + Action    = "sts:AssumeRole"
                      + Effect    = "Allow"
                      + Principal = {
                          + Service = "eks.amazonaws.com"
                        }
                    },
                ]
              + Version   = "2012-10-17"
            }
        )
      + create_date           = (known after apply)
      + force_detach_policies = false
      + id                    = (known after apply)
      + managed_policy_arns   = (known after apply)
      + max_session_duration  = 3600
      + name                  = "ecommerce-dev-eks-cluster-role"
      + name_prefix           = (known after apply)
      + path                  = "/"
      + tags                  = {
          + "Environment" = "dev"
          + "ManagedBy"   = "Terraform"
          + "Project"     = "ecommerce-microservices"
        }
      + tags_all              = {
          + "CostCenter"  = "Engineering"
          + "Environment" = "dev"
          + "ManagedBy"   = "Terraform"
          + "Owner"       = "DevOps Team"
          + "Project"     = "ecommerce-microservices"
        }
      + unique_id             = (known after apply)

      + inline_policy (known after apply)
    }

  # module.eks.aws_iam_role.node will be created
  + resource "aws_iam_role" "node" {
      + arn                   = (known after apply)
      + assume_role_policy    = jsonencode(
            {
              + Statement = [
                  + {
                      + Action    = "sts:AssumeRole"
                      + Effect    = "Allow"
                      + Principal = {
                          + Service = "ec2.amazonaws.com"
                        }
                    },
                ]
              + Version   = "2012-10-17"
            }
        )
      + create_date           = (known after apply)
      + force_detach_policies = false
      + id                    = (known after apply)
      + managed_policy_arns   = (known after apply)
      + max_session_duration  = 3600
      + name                  = "ecommerce-dev-eks-node-role"
      + name_prefix           = (known after apply)
      + path                  = "/"
      + tags                  = {
          + "Environment" = "dev"
          + "ManagedBy"   = "Terraform"
          + "Project"     = "ecommerce-microservices"
        }
      + tags_all              = {
          + "CostCenter"  = "Engineering"
          + "Environment" = "dev"
          + "ManagedBy"   = "Terraform"
          + "Owner"       = "DevOps Team"
          + "Project"     = "ecommerce-microservices"
        }
      + unique_id             = (known after apply)

      + inline_policy (known after apply)
    }

  # module.eks.aws_iam_role_policy_attachment.cluster_AmazonEKSClusterPolicy will be created
  + resource "aws_iam_role_policy_attachment" "cluster_AmazonEKSClusterPolicy" {
      + id         = (known after apply)
      + policy_arn = "arn:aws:iam::aws:policy/AmazonEKSClusterPolicy"
      + role       = "ecommerce-dev-eks-cluster-role"
    }

  # module.eks.aws_iam_role_policy_attachment.cluster_AmazonEKSVPCResourceController will be created
  + resource "aws_iam_role_policy_attachment" "cluster_AmazonEKSVPCResourceController" {
      + id         = (known after apply)
      + policy_arn = "arn:aws:iam::aws:policy/AmazonEKSVPCResourceController"
      + role       = "ecommerce-dev-eks-cluster-role"
    }

  # module.eks.aws_iam_role_policy_attachment.node_AmazonEC2ContainerRegistryReadOnly will be created
  + resource "aws_iam_role_policy_attachment" "node_AmazonEC2ContainerRegistryReadOnly" {
      + id         = (known after apply)
      + policy_arn = "arn:aws:iam::aws:policy/AmazonEC2ContainerRegistryReadOnly"
      + role       = "ecommerce-dev-eks-node-role"
    }

  # module.eks.aws_iam_role_policy_attachment.node_AmazonEKSWorkerNodePolicy will be created
  + resource "aws_iam_role_policy_attachment" "node_AmazonEKSWorkerNodePolicy" {
      + id         = (known after apply)
      + policy_arn = "arn:aws:iam::aws:policy/AmazonEKSWorkerNodePolicy"
      + role       = "ecommerce-dev-eks-node-role"
    }

  # module.eks.aws_iam_role_policy_attachment.node_AmazonEKS_CNI_Policy will be created
  + resource "aws_iam_role_policy_attachment" "node_AmazonEKS_CNI_Policy" {
      + id         = (known after apply)
      + policy_arn = "arn:aws:iam::aws:policy/AmazonEKS_CNI_Policy"
      + role       = "ecommerce-dev-eks-node-role"
    }

  # module.vpc.aws_eip.nat[0] will be created
  + resource "aws_eip" "nat" {
      + allocation_id        = (known after apply)
      + arn                  = (known after apply)
      + association_id       = (known after apply)
      + carrier_ip           = (known after apply)
      + customer_owned_ip    = (known after apply)
      + domain               = "vpc"
      + id                   = (known after apply)
      + instance             = (known after apply)
      + ipam_pool_id         = (known after apply)
      + network_border_group = (known after apply)
      + network_interface    = (known after apply)
      + private_dns          = (known after apply)
      + private_ip           = (known after apply)
      + ptr_record           = (known after apply)
      + public_dns           = (known after apply)
      + public_ip            = (known after apply)
      + public_ipv4_pool     = (known after apply)
      + tags                 = {
          + "Environment" = "dev"
          + "ManagedBy"   = "Terraform"
          + "Name"        = "dev-nat-eip-1"
          + "Project"     = "ecommerce-microservices"
        }
      + tags_all             = {
          + "CostCenter"  = "Engineering"
          + "Environment" = "dev"
          + "ManagedBy"   = "Terraform"
          + "Name"        = "dev-nat-eip-1"
          + "Owner"       = "DevOps Team"
          + "Project"     = "ecommerce-microservices"
        }
      + vpc                  = (known after apply)
    }

  # module.vpc.aws_internet_gateway.main will be created
  + resource "aws_internet_gateway" "main" {
      + arn      = (known after apply)
      + id       = (known after apply)
      + owner_id = (known after apply)
      + tags     = {
          + "Environment" = "dev"
          + "ManagedBy"   = "Terraform"
          + "Name"        = "dev-igw"
          + "Project"     = "ecommerce-microservices"
        }
      + tags_all = {
          + "CostCenter"  = "Engineering"
          + "Environment" = "dev"
          + "ManagedBy"   = "Terraform"
          + "Name"        = "dev-igw"
          + "Owner"       = "DevOps Team"
          + "Project"     = "ecommerce-microservices"
        }
      + vpc_id   = (known after apply)
    }

  # module.vpc.aws_nat_gateway.main[0] will be created
  + resource "aws_nat_gateway" "main" {
      + allocation_id                      = (known after apply)
      + association_id                     = (known after apply)
      + connectivity_type                  = "public"
      + id                                 = (known after apply)
      + network_interface_id               = (known after apply)
      + private_ip                         = (known after apply)
      + public_ip                          = (known after apply)
      + secondary_private_ip_address_count = (known after apply)
      + secondary_private_ip_addresses     = (known after apply)
      + subnet_id                          = (known after apply)
      + tags                               = {
          + "Environment" = "dev"
          + "ManagedBy"   = "Terraform"
          + "Name"        = "dev-nat-1"
          + "Project"     = "ecommerce-microservices"
        }
      + tags_all                           = {
          + "CostCenter"  = "Engineering"
          + "Environment" = "dev"
          + "ManagedBy"   = "Terraform"
          + "Name"        = "dev-nat-1"
          + "Owner"       = "DevOps Team"
          + "Project"     = "ecommerce-microservices"
        }
    }

  # module.vpc.aws_route_table.private[0] will be created
  + resource "aws_route_table" "private" {
      + arn              = (known after apply)
      + id               = (known after apply)
      + owner_id         = (known after apply)
      + propagating_vgws = (known after apply)
      + route            = [
          + {
              + cidr_block                 = "0.0.0.0/0"
              + nat_gateway_id             = (known after apply)
                # (11 unchanged attributes hidden)
            },
        ]
      + tags             = {
          + "Environment" = "dev"
          + "ManagedBy"   = "Terraform"
          + "Name"        = "dev-private-rt-1"
          + "Project"     = "ecommerce-microservices"
        }
      + tags_all         = {
          + "CostCenter"  = "Engineering"
          + "Environment" = "dev"
          + "ManagedBy"   = "Terraform"
          + "Name"        = "dev-private-rt-1"
          + "Owner"       = "DevOps Team"
          + "Project"     = "ecommerce-microservices"
        }
      + vpc_id           = (known after apply)
    }

  # module.vpc.aws_route_table.private[1] will be created
  + resource "aws_route_table" "private" {
      + arn              = (known after apply)
      + id               = (known after apply)
      + owner_id         = (known after apply)
      + propagating_vgws = (known after apply)
      + route            = [
          + {
              + cidr_block                 = "0.0.0.0/0"
              + nat_gateway_id             = (known after apply)
                # (11 unchanged attributes hidden)
            },
        ]
      + tags             = {
          + "Environment" = "dev"
          + "ManagedBy"   = "Terraform"
          + "Name"        = "dev-private-rt-2"
          + "Project"     = "ecommerce-microservices"
        }
      + tags_all         = {
          + "CostCenter"  = "Engineering"
          + "Environment" = "dev"
          + "ManagedBy"   = "Terraform"
          + "Name"        = "dev-private-rt-2"
          + "Owner"       = "DevOps Team"
          + "Project"     = "ecommerce-microservices"
        }
      + vpc_id           = (known after apply)
    }

  # module.vpc.aws_route_table.private[2] will be created
  + resource "aws_route_table" "private" {
      + arn              = (known after apply)
      + id               = (known after apply)
      + owner_id         = (known after apply)
      + propagating_vgws = (known after apply)
      + route            = [
          + {
              + cidr_block                 = "0.0.0.0/0"
              + nat_gateway_id             = (known after apply)
                # (11 unchanged attributes hidden)
            },
        ]
      + tags             = {
          + "Environment" = "dev"
          + "ManagedBy"   = "Terraform"
          + "Name"        = "dev-private-rt-3"
          + "Project"     = "ecommerce-microservices"
        }
      + tags_all         = {
          + "CostCenter"  = "Engineering"
          + "Environment" = "dev"
          + "ManagedBy"   = "Terraform"
          + "Name"        = "dev-private-rt-3"
          + "Owner"       = "DevOps Team"
          + "Project"     = "ecommerce-microservices"
        }
      + vpc_id           = (known after apply)
    }

  # module.vpc.aws_route_table.public will be created
  + resource "aws_route_table" "public" {
      + arn              = (known after apply)
      + id               = (known after apply)
      + owner_id         = (known after apply)
      + propagating_vgws = (known after apply)
      + route            = [
          + {
              + cidr_block                 = "0.0.0.0/0"
              + gateway_id                 = (known after apply)
                # (11 unchanged attributes hidden)
            },
        ]
      + tags             = {
          + "Environment" = "dev"
          + "ManagedBy"   = "Terraform"
          + "Name"        = "dev-public-rt"
          + "Project"     = "ecommerce-microservices"
        }
      + tags_all         = {
          + "CostCenter"  = "Engineering"
          + "Environment" = "dev"
          + "ManagedBy"   = "Terraform"
          + "Name"        = "dev-public-rt"
          + "Owner"       = "DevOps Team"
          + "Project"     = "ecommerce-microservices"
        }
      + vpc_id           = (known after apply)
    }

  # module.vpc.aws_route_table_association.private[0] will be created
  + resource "aws_route_table_association" "private" {
      + id             = (known after apply)
      + route_table_id = (known after apply)
      + subnet_id      = (known after apply)
    }

  # module.vpc.aws_route_table_association.private[1] will be created
  + resource "aws_route_table_association" "private" {
      + id             = (known after apply)
      + route_table_id = (known after apply)
      + subnet_id      = (known after apply)
    }

  # module.vpc.aws_route_table_association.private[2] will be created
  + resource "aws_route_table_association" "private" {
      + id             = (known after apply)
      + route_table_id = (known after apply)
      + subnet_id      = (known after apply)
    }

  # module.vpc.aws_route_table_association.public[0] will be created
  + resource "aws_route_table_association" "public" {
      + id             = (known after apply)
      + route_table_id = (known after apply)
      + subnet_id      = (known after apply)
    }

  # module.vpc.aws_route_table_association.public[1] will be created
  + resource "aws_route_table_association" "public" {
      + id             = (known after apply)
      + route_table_id = (known after apply)
      + subnet_id      = (known after apply)
    }

  # module.vpc.aws_route_table_association.public[2] will be created
  + resource "aws_route_table_association" "public" {
      + id             = (known after apply)
      + route_table_id = (known after apply)
      + subnet_id      = (known after apply)
    }

  # module.vpc.aws_subnet.database[0] will be created
  + resource "aws_subnet" "database" {
      + arn                                            = (known after apply)
      + assign_ipv6_address_on_creation                = false
      + availability_zone                              = "us-east-1a"
      + availability_zone_id                           = (known after apply)
      + cidr_block                                     = "10.0.21.0/24"
      + enable_dns64                                   = false
      + enable_resource_name_dns_a_record_on_launch    = false
      + enable_resource_name_dns_aaaa_record_on_launch = false
      + id                                             = (known after apply)
      + ipv6_cidr_block_association_id                 = (known after apply)
      + ipv6_native                                    = false
      + map_public_ip_on_launch                        = false
      + owner_id                                       = (known after apply)
      + private_dns_hostname_type_on_launch            = (known after apply)
      + tags                                           = {
          + "Environment" = "dev"
          + "ManagedBy"   = "Terraform"
          + "Name"        = "dev-database-us-east-1a"
          + "Project"     = "ecommerce-microservices"
        }
      + tags_all                                       = {
          + "CostCenter"  = "Engineering"
          + "Environment" = "dev"
          + "ManagedBy"   = "Terraform"
          + "Name"        = "dev-database-us-east-1a"
          + "Owner"       = "DevOps Team"
          + "Project"     = "ecommerce-microservices"
        }
      + vpc_id                                         = (known after apply)
    }

  # module.vpc.aws_subnet.database[1] will be created
  + resource "aws_subnet" "database" {
      + arn                                            = (known after apply)
      + assign_ipv6_address_on_creation                = false
      + availability_zone                              = "us-east-1b"
      + availability_zone_id                           = (known after apply)
      + cidr_block                                     = "10.0.22.0/24"
      + enable_dns64                                   = false
      + enable_resource_name_dns_a_record_on_launch    = false
      + enable_resource_name_dns_aaaa_record_on_launch = false
      + id                                             = (known after apply)
      + ipv6_cidr_block_association_id                 = (known after apply)
      + ipv6_native                                    = false
      + map_public_ip_on_launch                        = false
      + owner_id                                       = (known after apply)
      + private_dns_hostname_type_on_launch            = (known after apply)
      + tags                                           = {
          + "Environment" = "dev"
          + "ManagedBy"   = "Terraform"
          + "Name"        = "dev-database-us-east-1b"
          + "Project"     = "ecommerce-microservices"
        }
      + tags_all                                       = {
          + "CostCenter"  = "Engineering"
          + "Environment" = "dev"
          + "ManagedBy"   = "Terraform"
          + "Name"        = "dev-database-us-east-1b"
          + "Owner"       = "DevOps Team"
          + "Project"     = "ecommerce-microservices"
        }
      + vpc_id                                         = (known after apply)
    }

  # module.vpc.aws_subnet.database[2] will be created
  + resource "aws_subnet" "database" {
      + arn                                            = (known after apply)
      + assign_ipv6_address_on_creation                = false
      + availability_zone                              = "us-east-1c"
      + availability_zone_id                           = (known after apply)
      + cidr_block                                     = "10.0.23.0/24"
      + enable_dns64                                   = false
      + enable_resource_name_dns_a_record_on_launch    = false
      + enable_resource_name_dns_aaaa_record_on_launch = false
      + id                                             = (known after apply)
      + ipv6_cidr_block_association_id                 = (known after apply)
      + ipv6_native                                    = false
      + map_public_ip_on_launch                        = false
      + owner_id                                       = (known after apply)
      + private_dns_hostname_type_on_launch            = (known after apply)
      + tags                                           = {
          + "Environment" = "dev"
          + "ManagedBy"   = "Terraform"
          + "Name"        = "dev-database-us-east-1c"
          + "Project"     = "ecommerce-microservices"
        }
      + tags_all                                       = {
          + "CostCenter"  = "Engineering"
          + "Environment" = "dev"
          + "ManagedBy"   = "Terraform"
          + "Name"        = "dev-database-us-east-1c"
          + "Owner"       = "DevOps Team"
          + "Project"     = "ecommerce-microservices"
        }
      + vpc_id                                         = (known after apply)
    }

  # module.vpc.aws_subnet.private[0] will be created
  + resource "aws_subnet" "private" {
      + arn                                            = (known after apply)
      + assign_ipv6_address_on_creation                = false
      + availability_zone                              = "us-east-1a"
      + availability_zone_id                           = (known after apply)
      + cidr_block                                     = "10.0.11.0/24"
      + enable_dns64                                   = false
      + enable_resource_name_dns_a_record_on_launch    = false
      + enable_resource_name_dns_aaaa_record_on_launch = false
      + id                                             = (known after apply)
      + ipv6_cidr_block_association_id                 = (known after apply)
      + ipv6_native                                    = false
      + map_public_ip_on_launch                        = false
      + owner_id                                       = (known after apply)
      + private_dns_hostname_type_on_launch            = (known after apply)
      + tags                                           = {
          + "Environment"                     = "dev"
          + "ManagedBy"                       = "Terraform"
          + "Name"                            = "dev-private-us-east-1a"
          + "Project"                         = "ecommerce-microservices"
          + "kubernetes.io/role/internal-elb" = "1"
        }
      + tags_all                                       = {
          + "CostCenter"                      = "Engineering"
          + "Environment"                     = "dev"
          + "ManagedBy"                       = "Terraform"
          + "Name"                            = "dev-private-us-east-1a"
          + "Owner"                           = "DevOps Team"
          + "Project"                         = "ecommerce-microservices"
          + "kubernetes.io/role/internal-elb" = "1"
        }
      + vpc_id                                         = (known after apply)
    }

  # module.vpc.aws_subnet.private[1] will be created
  + resource "aws_subnet" "private" {
      + arn                                            = (known after apply)
      + assign_ipv6_address_on_creation                = false
      + availability_zone                              = "us-east-1b"
      + availability_zone_id                           = (known after apply)
      + cidr_block                                     = "10.0.12.0/24"
      + enable_dns64                                   = false
      + enable_resource_name_dns_a_record_on_launch    = false
      + enable_resource_name_dns_aaaa_record_on_launch = false
      + id                                             = (known after apply)
      + ipv6_cidr_block_association_id                 = (known after apply)
      + ipv6_native                                    = false
      + map_public_ip_on_launch                        = false
      + owner_id                                       = (known after apply)
      + private_dns_hostname_type_on_launch            = (known after apply)
      + tags                                           = {
          + "Environment"                     = "dev"
          + "ManagedBy"                       = "Terraform"
          + "Name"                            = "dev-private-us-east-1b"
          + "Project"                         = "ecommerce-microservices"
          + "kubernetes.io/role/internal-elb" = "1"
        }
      + tags_all                                       = {
          + "CostCenter"                      = "Engineering"
          + "Environment"                     = "dev"
          + "ManagedBy"                       = "Terraform"
          + "Name"                            = "dev-private-us-east-1b"
          + "Owner"                           = "DevOps Team"
          + "Project"                         = "ecommerce-microservices"
          + "kubernetes.io/role/internal-elb" = "1"
        }
      + vpc_id                                         = (known after apply)
    }

  # module.vpc.aws_subnet.private[2] will be created
  + resource "aws_subnet" "private" {
      + arn                                            = (known after apply)
      + assign_ipv6_address_on_creation                = false
      + availability_zone                              = "us-east-1c"
      + availability_zone_id                           = (known after apply)
      + cidr_block                                     = "10.0.13.0/24"
      + enable_dns64                                   = false
      + enable_resource_name_dns_a_record_on_launch    = false
      + enable_resource_name_dns_aaaa_record_on_launch = false
      + id                                             = (known after apply)
      + ipv6_cidr_block_association_id                 = (known after apply)
      + ipv6_native                                    = false
      + map_public_ip_on_launch                        = false
      + owner_id                                       = (known after apply)
      + private_dns_hostname_type_on_launch            = (known after apply)
      + tags                                           = {
          + "Environment"                     = "dev"
          + "ManagedBy"                       = "Terraform"
          + "Name"                            = "dev-private-us-east-1c"
          + "Project"                         = "ecommerce-microservices"
          + "kubernetes.io/role/internal-elb" = "1"
        }
      + tags_all                                       = {
          + "CostCenter"                      = "Engineering"
          + "Environment"                     = "dev"
          + "ManagedBy"                       = "Terraform"
          + "Name"                            = "dev-private-us-east-1c"
          + "Owner"                           = "DevOps Team"
          + "Project"                         = "ecommerce-microservices"
          + "kubernetes.io/role/internal-elb" = "1"
        }
      + vpc_id                                         = (known after apply)
    }

  # module.vpc.aws_subnet.public[0] will be created
  + resource "aws_subnet" "public" {
      + arn                                            = (known after apply)
      + assign_ipv6_address_on_creation                = false
      + availability_zone                              = "us-east-1a"
      + availability_zone_id                           = (known after apply)
      + cidr_block                                     = "10.0.1.0/24"
      + enable_dns64                                   = false
      + enable_resource_name_dns_a_record_on_launch    = false
      + enable_resource_name_dns_aaaa_record_on_launch = false
      + id                                             = (known after apply)
      + ipv6_cidr_block_association_id                 = (known after apply)
      + ipv6_native                                    = false
      + map_public_ip_on_launch                        = true
      + owner_id                                       = (known after apply)
      + private_dns_hostname_type_on_launch            = (known after apply)
      + tags                                           = {
          + "Environment"            = "dev"
          + "ManagedBy"              = "Terraform"
          + "Name"                   = "dev-public-us-east-1a"
          + "Project"                = "ecommerce-microservices"
          + "kubernetes.io/role/elb" = "1"
        }
      + tags_all                                       = {
          + "CostCenter"             = "Engineering"
          + "Environment"            = "dev"
          + "ManagedBy"              = "Terraform"
          + "Name"                   = "dev-public-us-east-1a"
          + "Owner"                  = "DevOps Team"
          + "Project"                = "ecommerce-microservices"
          + "kubernetes.io/role/elb" = "1"
        }
      + vpc_id                                         = (known after apply)
    }

  # module.vpc.aws_subnet.public[1] will be created
  + resource "aws_subnet" "public" {
      + arn                                            = (known after apply)
      + assign_ipv6_address_on_creation                = false
      + availability_zone                              = "us-east-1b"
      + availability_zone_id                           = (known after apply)
      + cidr_block                                     = "10.0.2.0/24"
      + enable_dns64                                   = false
      + enable_resource_name_dns_a_record_on_launch    = false
      + enable_resource_name_dns_aaaa_record_on_launch = false
      + id                                             = (known after apply)
      + ipv6_cidr_block_association_id                 = (known after apply)
      + ipv6_native                                    = false
      + map_public_ip_on_launch                        = true
      + owner_id                                       = (known after apply)
      + private_dns_hostname_type_on_launch            = (known after apply)
      + tags                                           = {
          + "Environment"            = "dev"
          + "ManagedBy"              = "Terraform"
          + "Name"                   = "dev-public-us-east-1b"
          + "Project"                = "ecommerce-microservices"
          + "kubernetes.io/role/elb" = "1"
        }
      + tags_all                                       = {
          + "CostCenter"             = "Engineering"
          + "Environment"            = "dev"
          + "ManagedBy"              = "Terraform"
          + "Name"                   = "dev-public-us-east-1b"
          + "Owner"                  = "DevOps Team"
          + "Project"                = "ecommerce-microservices"
          + "kubernetes.io/role/elb" = "1"
        }
      + vpc_id                                         = (known after apply)
    }

  # module.vpc.aws_subnet.public[2] will be created
  + resource "aws_subnet" "public" {
      + arn                                            = (known after apply)
      + assign_ipv6_address_on_creation                = false
      + availability_zone                              = "us-east-1c"
      + availability_zone_id                           = (known after apply)
      + cidr_block                                     = "10.0.3.0/24"
      + enable_dns64                                   = false
      + enable_resource_name_dns_a_record_on_launch    = false
      + enable_resource_name_dns_aaaa_record_on_launch = false
      + id                                             = (known after apply)
      + ipv6_cidr_block_association_id                 = (known after apply)
      + ipv6_native                                    = false
      + map_public_ip_on_launch                        = true
      + owner_id                                       = (known after apply)
      + private_dns_hostname_type_on_launch            = (known after apply)
      + tags                                           = {
          + "Environment"            = "dev"
          + "ManagedBy"              = "Terraform"
          + "Name"                   = "dev-public-us-east-1c"
          + "Project"                = "ecommerce-microservices"
          + "kubernetes.io/role/elb" = "1"
        }
      + tags_all                                       = {
          + "CostCenter"             = "Engineering"
          + "Environment"            = "dev"
          + "ManagedBy"              = "Terraform"
          + "Name"                   = "dev-public-us-east-1c"
          + "Owner"                  = "DevOps Team"
          + "Project"                = "ecommerce-microservices"
          + "kubernetes.io/role/elb" = "1"
        }
      + vpc_id                                         = (known after apply)
    }

  # module.vpc.aws_vpc.main will be created
  + resource "aws_vpc" "main" {
      + arn                                  = (known after apply)
      + cidr_block                           = "10.0.0.0/16"
      + default_network_acl_id               = (known after apply)
      + default_route_table_id               = (known after apply)
      + default_security_group_id            = (known after apply)
      + dhcp_options_id                      = (known after apply)
      + enable_dns_hostnames                 = true
      + enable_dns_support                   = true
      + enable_network_address_usage_metrics = (known after apply)
      + id                                   = (known after apply)
      + instance_tenancy                     = "default"
      + ipv6_association_id                  = (known after apply)
      + ipv6_cidr_block                      = (known after apply)
      + ipv6_cidr_block_network_border_group = (known after apply)
      + main_route_table_id                  = (known after apply)
      + owner_id                             = (known after apply)
      + tags                                 = {
          + "Environment" = "dev"
          + "ManagedBy"   = "Terraform"
          + "Name"        = "dev-vpc"
          + "Project"     = "ecommerce-microservices"
        }
      + tags_all                             = {
          + "CostCenter"  = "Engineering"
          + "Environment" = "dev"
          + "ManagedBy"   = "Terraform"
          + "Name"        = "dev-vpc"
          + "Owner"       = "DevOps Team"
          + "Project"     = "ecommerce-microservices"
        }
    }

Plan: 34 to add, 0 to change, 0 to destroy.

ΓöÇΓöÇΓöÇΓöÇΓöÇΓöÇΓöÇΓöÇΓöÇΓöÇΓöÇΓöÇΓöÇΓöÇΓöÇΓöÇΓöÇΓöÇΓöÇΓöÇΓöÇΓöÇΓöÇΓöÇΓöÇΓöÇΓöÇΓöÇΓöÇΓöÇΓöÇΓöÇΓöÇΓöÇΓöÇΓöÇΓöÇΓöÇΓöÇΓöÇΓöÇΓöÇΓöÇΓöÇΓöÇΓöÇΓöÇΓöÇΓöÇΓöÇΓöÇΓöÇΓöÇΓöÇΓöÇΓöÇΓöÇΓöÇΓöÇΓöÇΓöÇΓöÇΓöÇΓöÇΓöÇΓöÇΓöÇΓöÇΓöÇΓöÇΓöÇΓöÇΓöÇΓöÇΓöÇΓöÇΓöÇ

Note: You didn't use the -out option to save this plan, so Terraform can't
guarantee to take exactly these actions if you run "terraform apply" now.
